
Microsoft Visual Studio Solution File, Format Version 12.00
# Visual Studio 2013
VisualStudioVersion = 12.0.31101.0
MinimumVisualStudioVersion = 10.0.40219.1
Project("{FAE04EC0-301F-11D3-BF4B-00C04F79EFBC}") = "SkypeBot", "SkypeBot\SkypeBot.csproj", "{1535B045-8698-45AC-B888-F390996D2DEE}"
EndProject
Project("{FAE04EC0-301F-11D3-BF4B-00C04F79EFBC}") = "SkypeBotWebApi", "SkypeBotWebApi\SkypeBotWebApi.csproj", "{EB75B80C-A00A-4847-B627-6C4E2E354327}"
EndProject
Project("{FAE04EC0-301F-11D3-BF4B-00C04F79EFBC}") = "SkypeBotRMQ", "SkypeBotRMQ\SkypeBotRMQ.csproj", "{598E6FA5-4D4D-418F-A3E2-4348F5A31BC0}"
EndProject
Project("{FAE04EC0-301F-11D3-BF4B-00C04F79EFBC}") = "SkypeBotRulesLibrary", "SkypeBotRulesLibrary\SkypeBotRulesLibrary.csproj", "{DCB7E827-8E6B-40EB-A86C-A7D155C1B30B}"
EndProject
Project("{FAE04EC0-301F-11D3-BF4B-00C04F79EFBC}") = "SQLite", "SQLite\SQLite.csproj", "{2651A242-C61E-4FFA-B7B1-C9962F34DE4F}"
EndProject
Global
	GlobalSection(SolutionConfigurationPlatforms) = preSolution
		Debug|Any CPU = Debug|Any CPU
		Release|Any CPU = Release|Any CPU
	EndGlobalSection
	GlobalSection(ProjectConfigurationPlatforms) = postSolution
		{1535B045-8698-45AC-B888-F390996D2DEE}.Debug|Any CPU.ActiveCfg = Debug|Any CPU
		{1535B045-8698-45AC-B888-F390996D2DEE}.Debug|Any CPU.Build.0 = Debug|Any CPU
		{1535B045-8698-45AC-B888-F390996D2DEE}.Release|Any CPU.ActiveCfg = Release|Any CPU
		{1535B045-8698-45AC-B888-F390996D2DEE}.Release|Any CPU.Build.0 = Release|Any CPU
		{EB75B80C-A00A-4847-B627-6C4E2E354327}.Debug|Any CPU.ActiveCfg = Debug|Any CPU
		{EB75B80C-A00A-4847-B627-6C4E2E354327}.Debug|Any CPU.Build.0 = Debug|Any CPU
		{EB75B80C-A00A-4847-B627-6C4E2E354327}.Release|Any CPU.ActiveCfg = Release|Any CPU
		{EB75B80C-A00A-4847-B627-6C4E2E354327}.Release|Any CPU.Build.0 = Release|Any CPU
		{598E6FA5-4D4D-418F-A3E2-4348F5A31BC0}.Debug|Any CPU.ActiveCfg = Debug|Any CPU
		{598E6FA5-4D4D-418F-A3E2-4348F5A31BC0}.Debug|Any CPU.Build.0 = Debug|Any CPU
		{598E6FA5-4D4D-418F-A3E2-4348F5A31BC0}.Release|Any CPU.ActiveCfg = Release|Any CPU
		{598E6FA5-4D4D-418F-A3E2-4348F5A31BC0}.Release|Any CPU.Build.0 = Release|Any CPU
		{DCB7E827-8E6B-40EB-A86C-A7D155C1B30B}.Debug|Any CPU.ActiveCfg = Debug|Any CPU
		{DCB7E827-8E6B-40EB-A86C-A7D155C1B30B}.Debug|Any CPU.Build.0 = Debug|Any CPU
		{DCB7E827-8E6B-40EB-A86C-A7D155C1B30B}.Release|Any CPU.ActiveCfg = Release|Any CPU
		{DCB7E827-8E6B-40EB-A86C-A7D155C1B30B}.Release|Any CPU.Build.0 = Release|Any CPU
		{2651A242-C61E-4FFA-B7B1-C9962F34DE4F}.Debug|Any CPU.ActiveCfg = Debug|Any CPU
		{2651A242-C61E-4FFA-B7B1-C9962F34DE4F}.Debug|Any CPU.Build.0 = Debug|Any CPU
		{2651A242-C61E-4FFA-B7B1-C9962F34DE4F}.Release|Any CPU.ActiveCfg = Release|Any CPU
		{2651A242-C61E-4FFA-B7B1-C9962F34DE4F}.Release|Any CPU.Build.0 = Release|Any CPU
	EndGlobalSection
	GlobalSection(SolutionProperties) = preSolution
		HideSolutionNode = FALSE
	EndGlobalSection
	GlobalSection(ExtensibilityGlobals) = postSolution
		EnterpriseLibraryConfigurationToolBinariesPath = packages\Unity.2.1.505.2\lib\NET35
	EndGlobalSection
EndGlobal
